# THIS IS AN AUTOGENERATED FILE. DO NOT EDIT THIS FILE DIRECTLY.
# yarn lockfile v1


awesome-notifications@^3.1.3:
  version "3.1.3"
  resolved "https://registry.yarnpkg.com/awesome-notifications/-/awesome-notifications-3.1.3.tgz#d81897ea08cade5266f53e6eb0a749a4a9438d2d"
  integrity sha512-bEm+52ePN9IQipu77YN/7Ia7hkSlZjLTra8/Y+vTfZUt+oB5jPA601akBi7uxJ8VghvpmuhwARUBQ2Iae3J8Sg==
